// !$*UTF8*$!
{
	archiveVersion = 1;
	classes = {
	};
	objectVersion = 56;
	objects = {

/* Begin PBXBuildFile section */
		A8354E222B728C9700A97762 /* ExtensionHelpers.swift in Sources */ = {isa = PBXBuildFile; fileRef = A8354E212B728C9700A97762 /* ExtensionHelpers.swift */; };
		A89072332B56B5990079926E /* Domain.docc in Sources */ = {isa = PBXBuildFile; fileRef = A89072322B56B5990079926E /* Domain.docc */; };
		A896133A2B858D3C002A191B /* AlamofireAdapter.swift in Sources */ = {isa = PBXBuildFile; fileRef = A89613392B858D3C002A191B /* AlamofireAdapter.swift */; };
		A896133E2B858E7C002A191B /* URLProtocolStub.swift in Sources */ = {isa = PBXBuildFile; fileRef = A896133D2B858E7C002A191B /* URLProtocolStub.swift */; };
		A8B4EC862B582F15005674FC /* AddAccount.swift in Sources */ = {isa = PBXBuildFile; fileRef = A8B4EC852B582F15005674FC /* AddAccount.swift */; };
		A8B4EC882B58309A005674FC /* AccountModel.swift in Sources */ = {isa = PBXBuildFile; fileRef = A8B4EC872B58309A005674FC /* AccountModel.swift */; };
		A8B4EC962B5843B4005674FC /* Data.framework in Frameworks */ = {isa = PBXBuildFile; fileRef = A8B4EC8E2B5843B4005674FC /* Data.framework */; };
		A8B4EC9B2B5843B4005674FC /* RemoteAddAccountTests.swift in Sources */ = {isa = PBXBuildFile; fileRef = A8B4EC9A2B5843B4005674FC /* RemoteAddAccountTests.swift */; };
		A8B4ECA42B58441E005674FC /* Domain.framework in Frameworks */ = {isa = PBXBuildFile; fileRef = A890722F2B56B5990079926E /* Domain.framework */; };
		A8B4ECA52B58441E005674FC /* Domain.framework in Embed Frameworks */ = {isa = PBXBuildFile; fileRef = A890722F2B56B5990079926E /* Domain.framework */; settings = {ATTRIBUTES = (CodeSignOnCopy, RemoveHeadersOnCopy, ); }; };
		A8B4ECAA2B585625005674FC /* Model.swift in Sources */ = {isa = PBXBuildFile; fileRef = A8B4ECA92B585625005674FC /* Model.swift */; };
		A8B4ECAC2B5856B9005674FC /* RemoteAddAccount.swift in Sources */ = {isa = PBXBuildFile; fileRef = A8B4ECAB2B5856B9005674FC /* RemoteAddAccount.swift */; };
		A8B4ECAE2B5856EF005674FC /* HttpPostClient.swift in Sources */ = {isa = PBXBuildFile; fileRef = A8B4ECAD2B5856EF005674FC /* HttpPostClient.swift */; };
		A8BE10FF2B865264003438DC /* AddAccountIntegrationTests.swift in Sources */ = {isa = PBXBuildFile; fileRef = A8BE10FE2B865264003438DC /* AddAccountIntegrationTests.swift */; };
		A8BE11002B865264003438DC /* Data.framework in Frameworks */ = {isa = PBXBuildFile; fileRef = A8B4EC8E2B5843B4005674FC /* Data.framework */; };
		A8D926E42B5EC09D00D01722 /* DomainError.swift in Sources */ = {isa = PBXBuildFile; fileRef = A8D926E32B5EC09D00D01722 /* DomainError.swift */; };
		A8D926E62B5EC25100D01722 /* HttpError.swift in Sources */ = {isa = PBXBuildFile; fileRef = A8D926E52B5EC25100D01722 /* HttpError.swift */; };
		A8EB74662B730E89005FE3F2 /* TestExtensions.swift in Sources */ = {isa = PBXBuildFile; fileRef = A8EB74652B730E89005FE3F2 /* TestExtensions.swift */; };
		A8EB74682B730F08005FE3F2 /* TestFactories.swift in Sources */ = {isa = PBXBuildFile; fileRef = A8EB74672B730F08005FE3F2 /* TestFactories.swift */; };
		A8EB746B2B730F74005FE3F2 /* HttpClientSpy.swift in Sources */ = {isa = PBXBuildFile; fileRef = A8EB746A2B730F74005FE3F2 /* HttpClientSpy.swift */; };
		A8EB746D2B730FCF005FE3F2 /* AccountModelFactory.swift in Sources */ = {isa = PBXBuildFile; fileRef = A8EB746C2B730FCF005FE3F2 /* AccountModelFactory.swift */; };
		A8EB747B2B7310F8005FE3F2 /* Infra.framework in Frameworks */ = {isa = PBXBuildFile; fileRef = A8EB74732B7310F8005FE3F2 /* Infra.framework */; };
		A8EB74892B731134005FE3F2 /* AlamofireAdapterTests.swift in Sources */ = {isa = PBXBuildFile; fileRef = A8EB74882B731134005FE3F2 /* AlamofireAdapterTests.swift */; };
		A8EB748A2B7311EE005FE3F2 /* Data.framework in Frameworks */ = {isa = PBXBuildFile; fileRef = A8B4EC8E2B5843B4005674FC /* Data.framework */; };
		A8EB748B2B7311EE005FE3F2 /* Data.framework in Embed Frameworks */ = {isa = PBXBuildFile; fileRef = A8B4EC8E2B5843B4005674FC /* Data.framework */; settings = {ATTRIBUTES = (CodeSignOnCopy, RemoveHeadersOnCopy, ); }; };
		A8EB748F2B731211005FE3F2 /* TestExtensions.swift in Sources */ = {isa = PBXBuildFile; fileRef = A8EB74652B730E89005FE3F2 /* TestExtensions.swift */; };
		A8EB74902B731220005FE3F2 /* TestFactories.swift in Sources */ = {isa = PBXBuildFile; fileRef = A8EB74672B730F08005FE3F2 /* TestFactories.swift */; };
		A8EB74932B7312E9005FE3F2 /* Alamofire in Frameworks */ = {isa = PBXBuildFile; productRef = A8EB74922B7312E9005FE3F2 /* Alamofire */; };
		A8FF1DB82BBC98EB001C52EF /* Presentation.framework in Frameworks */ = {isa = PBXBuildFile; fileRef = A8FF1DB02BBC98EB001C52EF /* Presentation.framework */; };
		A8FF1DBD2BBC98EB001C52EF /* SignUpPresenterTests.swift in Sources */ = {isa = PBXBuildFile; fileRef = A8FF1DBC2BBC98EB001C52EF /* SignUpPresenterTests.swift */; };
		A8FF1DC62BBCA051001C52EF /* SignUpPresenter.swift in Sources */ = {isa = PBXBuildFile; fileRef = A8FF1DC52BBCA051001C52EF /* SignUpPresenter.swift */; };
		A8FF1DCB2BBCA112001C52EF /* AlertView.swift in Sources */ = {isa = PBXBuildFile; fileRef = A8FF1DCA2BBCA112001C52EF /* AlertView.swift */; };
		A8FF1DD02BBCA43C001C52EF /* EmailValidator.swift in Sources */ = {isa = PBXBuildFile; fileRef = A8FF1DCF2BBCA43C001C52EF /* EmailValidator.swift */; };
/* End PBXBuildFile section */

/* Begin PBXContainerItemProxy section */
		A8B4EC972B5843B4005674FC /* PBXContainerItemProxy */ = {
			isa = PBXContainerItemProxy;
			containerPortal = A89072152B56B48F0079926E /* Project object */;
			proxyType = 1;
			remoteGlobalIDString = A8B4EC8D2B5843B4005674FC;
			remoteInfo = Data;
		};
		A8B4ECA62B58441E005674FC /* PBXContainerItemProxy */ = {
			isa = PBXContainerItemProxy;
			containerPortal = A89072152B56B48F0079926E /* Project object */;
			proxyType = 1;
			remoteGlobalIDString = A890722E2B56B5990079926E;
			remoteInfo = Domain;
		};
		A8BE11012B865264003438DC /* PBXContainerItemProxy */ = {
			isa = PBXContainerItemProxy;
			containerPortal = A89072152B56B48F0079926E /* Project object */;
			proxyType = 1;
			remoteGlobalIDString = A8B4EC8D2B5843B4005674FC;
			remoteInfo = Data;
		};
		A8BE110F2B8652AE003438DC /* PBXContainerItemProxy */ = {
			isa = PBXContainerItemProxy;
			containerPortal = A89072152B56B48F0079926E /* Project object */;
			proxyType = 1;
			remoteGlobalIDString = A890722E2B56B5990079926E;
			remoteInfo = Domain;
		};
		A8BE11112B8652AE003438DC /* PBXContainerItemProxy */ = {
			isa = PBXContainerItemProxy;
			containerPortal = A89072152B56B48F0079926E /* Project object */;
			proxyType = 1;
			remoteGlobalIDString = A8EB74722B7310F8005FE3F2;
			remoteInfo = Infra;
		};
		A8EB747C2B7310F8005FE3F2 /* PBXContainerItemProxy */ = {
			isa = PBXContainerItemProxy;
			containerPortal = A89072152B56B48F0079926E /* Project object */;
			proxyType = 1;
			remoteGlobalIDString = A8EB74722B7310F8005FE3F2;
			remoteInfo = Infra;
		};
		A8EB748C2B7311EE005FE3F2 /* PBXContainerItemProxy */ = {
			isa = PBXContainerItemProxy;
			containerPortal = A89072152B56B48F0079926E /* Project object */;
			proxyType = 1;
			remoteGlobalIDString = A8B4EC8D2B5843B4005674FC;
			remoteInfo = Data;
		};
		A8FF1DB92BBC98EB001C52EF /* PBXContainerItemProxy */ = {
			isa = PBXContainerItemProxy;
			containerPortal = A89072152B56B48F0079926E /* Project object */;
			proxyType = 1;
			remoteGlobalIDString = A8FF1DAF2BBC98EB001C52EF;
			remoteInfo = Presentation;
		};
		A8FF1DC72BBCA083001C52EF /* PBXContainerItemProxy */ = {
			isa = PBXContainerItemProxy;
			containerPortal = A89072152B56B48F0079926E /* Project object */;
			proxyType = 1;
			remoteGlobalIDString = A890722E2B56B5990079926E;
			remoteInfo = Domain;
		};
/* End PBXContainerItemProxy section */

/* Begin PBXCopyFilesBuildPhase section */
		A8B4ECA82B58441E005674FC /* Embed Frameworks */ = {
			isa = PBXCopyFilesBuildPhase;
			buildActionMask = 2147483647;
			dstPath = "";
			dstSubfolderSpec = 10;
			files = (
				A8B4ECA52B58441E005674FC /* Domain.framework in Embed Frameworks */,
			);
			name = "Embed Frameworks";
			runOnlyForDeploymentPostprocessing = 0;
		};
		A8EB748E2B7311EE005FE3F2 /* Embed Frameworks */ = {
			isa = PBXCopyFilesBuildPhase;
			buildActionMask = 2147483647;
			dstPath = "";
			dstSubfolderSpec = 10;
			files = (
				A8EB748B2B7311EE005FE3F2 /* Data.framework in Embed Frameworks */,
			);
			name = "Embed Frameworks";
			runOnlyForDeploymentPostprocessing = 0;
		};
/* End PBXCopyFilesBuildPhase section */

/* Begin PBXFileReference section */
		A8354E212B728C9700A97762 /* ExtensionHelpers.swift */ = {isa = PBXFileReference; lastKnownFileType = sourcecode.swift; path = ExtensionHelpers.swift; sourceTree = "<group>"; };
		A890722F2B56B5990079926E /* Domain.framework */ = {isa = PBXFileReference; explicitFileType = wrapper.framework; includeInIndex = 0; path = Domain.framework; sourceTree = BUILT_PRODUCTS_DIR; };
		A89072322B56B5990079926E /* Domain.docc */ = {isa = PBXFileReference; lastKnownFileType = folder.documentationcatalog; path = Domain.docc; sourceTree = "<group>"; };
		A89613392B858D3C002A191B /* AlamofireAdapter.swift */ = {isa = PBXFileReference; lastKnownFileType = sourcecode.swift; path = AlamofireAdapter.swift; sourceTree = "<group>"; };
		A896133D2B858E7C002A191B /* URLProtocolStub.swift */ = {isa = PBXFileReference; lastKnownFileType = sourcecode.swift; path = URLProtocolStub.swift; sourceTree = "<group>"; };
		A8B4EC852B582F15005674FC /* AddAccount.swift */ = {isa = PBXFileReference; lastKnownFileType = sourcecode.swift; path = AddAccount.swift; sourceTree = "<group>"; };
		A8B4EC872B58309A005674FC /* AccountModel.swift */ = {isa = PBXFileReference; lastKnownFileType = sourcecode.swift; path = AccountModel.swift; sourceTree = "<group>"; };
		A8B4EC8E2B5843B4005674FC /* Data.framework */ = {isa = PBXFileReference; explicitFileType = wrapper.framework; includeInIndex = 0; path = Data.framework; sourceTree = BUILT_PRODUCTS_DIR; };
		A8B4EC952B5843B4005674FC /* DataTests.xctest */ = {isa = PBXFileReference; explicitFileType = wrapper.cfbundle; includeInIndex = 0; path = DataTests.xctest; sourceTree = BUILT_PRODUCTS_DIR; };
		A8B4EC9A2B5843B4005674FC /* RemoteAddAccountTests.swift */ = {isa = PBXFileReference; lastKnownFileType = sourcecode.swift; path = RemoteAddAccountTests.swift; sourceTree = "<group>"; };
		A8B4ECA92B585625005674FC /* Model.swift */ = {isa = PBXFileReference; lastKnownFileType = sourcecode.swift; path = Model.swift; sourceTree = "<group>"; };
		A8B4ECAB2B5856B9005674FC /* RemoteAddAccount.swift */ = {isa = PBXFileReference; lastKnownFileType = sourcecode.swift; path = RemoteAddAccount.swift; sourceTree = "<group>"; };
		A8B4ECAD2B5856EF005674FC /* HttpPostClient.swift */ = {isa = PBXFileReference; lastKnownFileType = sourcecode.swift; path = HttpPostClient.swift; sourceTree = "<group>"; };
		A8BE10F72B863963003438DC /* CI.xctestplan */ = {isa = PBXFileReference; lastKnownFileType = text; path = CI.xctestplan; sourceTree = "<group>"; };
		A8BE10FC2B865264003438DC /* UseCasesIntegrationTests.xctest */ = {isa = PBXFileReference; explicitFileType = wrapper.cfbundle; includeInIndex = 0; path = UseCasesIntegrationTests.xctest; sourceTree = BUILT_PRODUCTS_DIR; };
		A8BE10FE2B865264003438DC /* AddAccountIntegrationTests.swift */ = {isa = PBXFileReference; lastKnownFileType = sourcecode.swift; path = AddAccountIntegrationTests.swift; sourceTree = "<group>"; };
		A8D926E32B5EC09D00D01722 /* DomainError.swift */ = {isa = PBXFileReference; lastKnownFileType = sourcecode.swift; path = DomainError.swift; sourceTree = "<group>"; };
		A8D926E52B5EC25100D01722 /* HttpError.swift */ = {isa = PBXFileReference; lastKnownFileType = sourcecode.swift; path = HttpError.swift; sourceTree = "<group>"; };
		A8EB74652B730E89005FE3F2 /* TestExtensions.swift */ = {isa = PBXFileReference; lastKnownFileType = sourcecode.swift; path = TestExtensions.swift; sourceTree = "<group>"; };
		A8EB74672B730F08005FE3F2 /* TestFactories.swift */ = {isa = PBXFileReference; lastKnownFileType = sourcecode.swift; path = TestFactories.swift; sourceTree = "<group>"; };
		A8EB746A2B730F74005FE3F2 /* HttpClientSpy.swift */ = {isa = PBXFileReference; lastKnownFileType = sourcecode.swift; path = HttpClientSpy.swift; sourceTree = "<group>"; };
		A8EB746C2B730FCF005FE3F2 /* AccountModelFactory.swift */ = {isa = PBXFileReference; lastKnownFileType = sourcecode.swift; path = AccountModelFactory.swift; sourceTree = "<group>"; };
		A8EB74732B7310F8005FE3F2 /* Infra.framework */ = {isa = PBXFileReference; explicitFileType = wrapper.framework; includeInIndex = 0; path = Infra.framework; sourceTree = BUILT_PRODUCTS_DIR; };
		A8EB747A2B7310F8005FE3F2 /* InfraTests.xctest */ = {isa = PBXFileReference; explicitFileType = wrapper.cfbundle; includeInIndex = 0; path = InfraTests.xctest; sourceTree = BUILT_PRODUCTS_DIR; };
		A8EB74882B731134005FE3F2 /* AlamofireAdapterTests.swift */ = {isa = PBXFileReference; lastKnownFileType = sourcecode.swift; path = AlamofireAdapterTests.swift; sourceTree = "<group>"; };
		A8FF1DB02BBC98EB001C52EF /* Presentation.framework */ = {isa = PBXFileReference; explicitFileType = wrapper.framework; includeInIndex = 0; path = Presentation.framework; sourceTree = BUILT_PRODUCTS_DIR; };
		A8FF1DB72BBC98EB001C52EF /* PresentationTests.xctest */ = {isa = PBXFileReference; explicitFileType = wrapper.cfbundle; includeInIndex = 0; path = PresentationTests.xctest; sourceTree = BUILT_PRODUCTS_DIR; };
		A8FF1DBC2BBC98EB001C52EF /* SignUpPresenterTests.swift */ = {isa = PBXFileReference; lastKnownFileType = sourcecode.swift; path = SignUpPresenterTests.swift; sourceTree = "<group>"; };
		A8FF1DC52BBCA051001C52EF /* SignUpPresenter.swift */ = {isa = PBXFileReference; lastKnownFileType = sourcecode.swift; path = SignUpPresenter.swift; sourceTree = "<group>"; };
		A8FF1DCA2BBCA112001C52EF /* AlertView.swift */ = {isa = PBXFileReference; lastKnownFileType = sourcecode.swift; path = AlertView.swift; sourceTree = "<group>"; };
		A8FF1DCF2BBCA43C001C52EF /* EmailValidator.swift */ = {isa = PBXFileReference; lastKnownFileType = sourcecode.swift; path = EmailValidator.swift; sourceTree = "<group>"; };
/* End PBXFileReference section */

/* Begin PBXFrameworksBuildPhase section */
		A890722C2B56B5990079926E /* Frameworks */ = {
			isa = PBXFrameworksBuildPhase;
			buildActionMask = 2147483647;
			files = (
			);
			runOnlyForDeploymentPostprocessing = 0;
		};
		A8B4EC8B2B5843B4005674FC /* Frameworks */ = {
			isa = PBXFrameworksBuildPhase;
			buildActionMask = 2147483647;
			files = (
				A8B4ECA42B58441E005674FC /* Domain.framework in Frameworks */,
			);
			runOnlyForDeploymentPostprocessing = 0;
		};
		A8B4EC922B5843B4005674FC /* Frameworks */ = {
			isa = PBXFrameworksBuildPhase;
			buildActionMask = 2147483647;
			files = (
				A8B4EC962B5843B4005674FC /* Data.framework in Frameworks */,
			);
			runOnlyForDeploymentPostprocessing = 0;
		};
		A8BE10F92B865264003438DC /* Frameworks */ = {
			isa = PBXFrameworksBuildPhase;
			buildActionMask = 2147483647;
			files = (
				A8BE11002B865264003438DC /* Data.framework in Frameworks */,
			);
			runOnlyForDeploymentPostprocessing = 0;
		};
		A8EB74702B7310F8005FE3F2 /* Frameworks */ = {
			isa = PBXFrameworksBuildPhase;
			buildActionMask = 2147483647;
			files = (
				A8EB748A2B7311EE005FE3F2 /* Data.framework in Frameworks */,
				A8EB74932B7312E9005FE3F2 /* Alamofire in Frameworks */,
			);
			runOnlyForDeploymentPostprocessing = 0;
		};
		A8EB74772B7310F8005FE3F2 /* Frameworks */ = {
			isa = PBXFrameworksBuildPhase;
			buildActionMask = 2147483647;
			files = (
				A8EB747B2B7310F8005FE3F2 /* Infra.framework in Frameworks */,
			);
			runOnlyForDeploymentPostprocessing = 0;
		};
		A8FF1DAD2BBC98EB001C52EF /* Frameworks */ = {
			isa = PBXFrameworksBuildPhase;
			buildActionMask = 2147483647;
			files = (
			);
			runOnlyForDeploymentPostprocessing = 0;
		};
		A8FF1DB42BBC98EB001C52EF /* Frameworks */ = {
			isa = PBXFrameworksBuildPhase;
			buildActionMask = 2147483647;
			files = (
				A8FF1DB82BBC98EB001C52EF /* Presentation.framework in Frameworks */,
			);
			runOnlyForDeploymentPostprocessing = 0;
		};
/* End PBXFrameworksBuildPhase section */

/* Begin PBXGroup section */
		A8354E202B728C8200A97762 /* Helpers */ = {
			isa = PBXGroup;
			children = (
				A8354E212B728C9700A97762 /* ExtensionHelpers.swift */,
			);
			path = Helpers;
			sourceTree = "<group>";
		};
		A89072142B56B48F0079926E = {
			isa = PBXGroup;
			children = (
				A8BE10F72B863963003438DC /* CI.xctestplan */,
				A89072302B56B5990079926E /* Domain */,
				A8B4EC8F2B5843B4005674FC /* Data */,
				A8B4EC992B5843B4005674FC /* DataTests */,
				A8EB74742B7310F8005FE3F2 /* Infra */,
				A8EB747E2B7310F8005FE3F2 /* InfraTests */,
				A8BE10FD2B865264003438DC /* UseCasesIntegrationTests */,
				A8FF1DB12BBC98EB001C52EF /* Presentation */,
				A8FF1DBB2BBC98EB001C52EF /* PresentationTests */,
				A890721F2B56B48F0079926E /* Products */,
				A8B4ECA32B58441E005674FC /* Frameworks */,
			);
			sourceTree = "<group>";
		};
		A890721F2B56B48F0079926E /* Products */ = {
			isa = PBXGroup;
			children = (
				A890722F2B56B5990079926E /* Domain.framework */,
				A8B4EC8E2B5843B4005674FC /* Data.framework */,
				A8B4EC952B5843B4005674FC /* DataTests.xctest */,
				A8EB74732B7310F8005FE3F2 /* Infra.framework */,
				A8EB747A2B7310F8005FE3F2 /* InfraTests.xctest */,
				A8BE10FC2B865264003438DC /* UseCasesIntegrationTests.xctest */,
				A8FF1DB02BBC98EB001C52EF /* Presentation.framework */,
				A8FF1DB72BBC98EB001C52EF /* PresentationTests.xctest */,
			);
			name = Products;
			sourceTree = "<group>";
		};
		A89072302B56B5990079926E /* Domain */ = {
			isa = PBXGroup;
			children = (
				A8D926E22B5EC08C00D01722 /* Errors */,
				A8B4ECB02B585752005674FC /* Models */,
				A8B4ECAF2B585744005674FC /* UseCases */,
				A89072322B56B5990079926E /* Domain.docc */,
			);
			path = Domain;
			sourceTree = "<group>";
		};
		A896133B2B858DED002A191B /* Http */ = {
			isa = PBXGroup;
			children = (
				A89613392B858D3C002A191B /* AlamofireAdapter.swift */,
			);
			path = Http;
			sourceTree = "<group>";
		};
		A896133C2B858E5E002A191B /* Http */ = {
			isa = PBXGroup;
			children = (
				A8EB74882B731134005FE3F2 /* AlamofireAdapterTests.swift */,
				A896133D2B858E7C002A191B /* URLProtocolStub.swift */,
			);
			path = Http;
			sourceTree = "<group>";
		};
		A8B4EC8F2B5843B4005674FC /* Data */ = {
			isa = PBXGroup;
			children = (
				A8354E202B728C8200A97762 /* Helpers */,
				A8B4ECB12B585772005674FC /* UseCases */,
				A8B4ECB22B58577B005674FC /* Http */,
			);
			path = Data;
			sourceTree = "<group>";
		};
		A8B4EC992B5843B4005674FC /* DataTests */ = {
			isa = PBXGroup;
			children = (
				A8EB74642B730E67005FE3F2 /* Helpers */,
				A8B4ECB32B585792005674FC /* UseCases */,
				A8EB74692B730F3C005FE3F2 /* Http */,
			);
			path = DataTests;
			sourceTree = "<group>";
		};
		A8B4ECA32B58441E005674FC /* Frameworks */ = {
			isa = PBXGroup;
			children = (
			);
			name = Frameworks;
			sourceTree = "<group>";
		};
		A8B4ECAF2B585744005674FC /* UseCases */ = {
			isa = PBXGroup;
			children = (
				A8B4EC852B582F15005674FC /* AddAccount.swift */,
			);
			path = UseCases;
			sourceTree = "<group>";
		};
		A8B4ECB02B585752005674FC /* Models */ = {
			isa = PBXGroup;
			children = (
				A8B4EC872B58309A005674FC /* AccountModel.swift */,
				A8B4ECA92B585625005674FC /* Model.swift */,
			);
			path = Models;
			sourceTree = "<group>";
		};
		A8B4ECB12B585772005674FC /* UseCases */ = {
			isa = PBXGroup;
			children = (
				A8B4ECAB2B5856B9005674FC /* RemoteAddAccount.swift */,
			);
			path = UseCases;
			sourceTree = "<group>";
		};
		A8B4ECB22B58577B005674FC /* Http */ = {
			isa = PBXGroup;
			children = (
				A8B4ECAD2B5856EF005674FC /* HttpPostClient.swift */,
				A8D926E52B5EC25100D01722 /* HttpError.swift */,
			);
			path = Http;
			sourceTree = "<group>";
		};
		A8B4ECB32B585792005674FC /* UseCases */ = {
			isa = PBXGroup;
			children = (
				A8B4EC9A2B5843B4005674FC /* RemoteAddAccountTests.swift */,
			);
			path = UseCases;
			sourceTree = "<group>";
		};
		A8BE10FD2B865264003438DC /* UseCasesIntegrationTests */ = {
			isa = PBXGroup;
			children = (
				A8BE10FE2B865264003438DC /* AddAccountIntegrationTests.swift */,
			);
			path = UseCasesIntegrationTests;
			sourceTree = "<group>";
		};
		A8D926E22B5EC08C00D01722 /* Errors */ = {
			isa = PBXGroup;
			children = (
				A8D926E32B5EC09D00D01722 /* DomainError.swift */,
			);
			path = Errors;
			sourceTree = "<group>";
		};
		A8EB74642B730E67005FE3F2 /* Helpers */ = {
			isa = PBXGroup;
			children = (
				A8EB74652B730E89005FE3F2 /* TestExtensions.swift */,
				A8EB74672B730F08005FE3F2 /* TestFactories.swift */,
				A8EB746C2B730FCF005FE3F2 /* AccountModelFactory.swift */,
			);
			path = Helpers;
			sourceTree = "<group>";
		};
		A8EB74692B730F3C005FE3F2 /* Http */ = {
			isa = PBXGroup;
			children = (
				A8EB746A2B730F74005FE3F2 /* HttpClientSpy.swift */,
			);
			path = Http;
			sourceTree = "<group>";
		};
		A8EB74742B7310F8005FE3F2 /* Infra */ = {
			isa = PBXGroup;
			children = (
				A896133B2B858DED002A191B /* Http */,
			);
			path = Infra;
			sourceTree = "<group>";
		};
		A8EB747E2B7310F8005FE3F2 /* InfraTests */ = {
			isa = PBXGroup;
			children = (
				A896133C2B858E5E002A191B /* Http */,
			);
			path = InfraTests;
			sourceTree = "<group>";
		};
		A8FF1DB12BBC98EB001C52EF /* Presentation */ = {
			isa = PBXGroup;
			children = (
				A8FF1DCE2BBCA430001C52EF /* Validators */,
				A8FF1DC92BBCA107001C52EF /* Views */,
				A8FF1DCC2BBCA126001C52EF /* Presenters */,
			);
			path = Presentation;
			sourceTree = "<group>";
		};
		A8FF1DBB2BBC98EB001C52EF /* PresentationTests */ = {
			isa = PBXGroup;
			children = (
				A8FF1DCD2BBCA1EF001C52EF /* Presenters */,
			);
			path = PresentationTests;
			sourceTree = "<group>";
		};
		A8FF1DC92BBCA107001C52EF /* Views */ = {
			isa = PBXGroup;
			children = (
				A8FF1DCA2BBCA112001C52EF /* AlertView.swift */,
			);
			path = Views;
			sourceTree = "<group>";
		};
		A8FF1DCC2BBCA126001C52EF /* Presenters */ = {
			isa = PBXGroup;
			children = (
				A8FF1DC52BBCA051001C52EF /* SignUpPresenter.swift */,
			);
			path = Presenters;
			sourceTree = "<group>";
		};
		A8FF1DCD2BBCA1EF001C52EF /* Presenters */ = {
			isa = PBXGroup;
			children = (
				A8FF1DBC2BBC98EB001C52EF /* SignUpPresenterTests.swift */,
			);
			path = Presenters;
			sourceTree = "<group>";
		};
		A8FF1DCE2BBCA430001C52EF /* Validators */ = {
			isa = PBXGroup;
			children = (
				A8FF1DCF2BBCA43C001C52EF /* EmailValidator.swift */,
			);
			path = Validators;
			sourceTree = "<group>";
		};
/* End PBXGroup section */

/* Begin PBXHeadersBuildPhase section */
		A890722A2B56B5990079926E /* Headers */ = {
			isa = PBXHeadersBuildPhase;
			buildActionMask = 2147483647;
			files = (
			);
			runOnlyForDeploymentPostprocessing = 0;
		};
		A8B4EC892B5843B4005674FC /* Headers */ = {
			isa = PBXHeadersBuildPhase;
			buildActionMask = 2147483647;
			files = (
			);
			runOnlyForDeploymentPostprocessing = 0;
		};
		A8EB746E2B7310F8005FE3F2 /* Headers */ = {
			isa = PBXHeadersBuildPhase;
			buildActionMask = 2147483647;
			files = (
			);
			runOnlyForDeploymentPostprocessing = 0;
		};
		A8FF1DAB2BBC98EB001C52EF /* Headers */ = {
			isa = PBXHeadersBuildPhase;
			buildActionMask = 2147483647;
			files = (
			);
			runOnlyForDeploymentPostprocessing = 0;
		};
/* End PBXHeadersBuildPhase section */

/* Begin PBXNativeTarget section */
		A890722E2B56B5990079926E /* Domain */ = {
			isa = PBXNativeTarget;
			buildConfigurationList = A89072352B56B5990079926E /* Build configuration list for PBXNativeTarget "Domain" */;
			buildPhases = (
				A890722A2B56B5990079926E /* Headers */,
				A890722B2B56B5990079926E /* Sources */,
				A890722C2B56B5990079926E /* Frameworks */,
				A890722D2B56B5990079926E /* Resources */,
			);
			buildRules = (
			);
			dependencies = (
			);
			name = Domain;
			productName = Domain;
			productReference = A890722F2B56B5990079926E /* Domain.framework */;
			productType = "com.apple.product-type.framework";
		};
		A8B4EC8D2B5843B4005674FC /* Data */ = {
			isa = PBXNativeTarget;
			buildConfigurationList = A8B4EC9D2B5843B4005674FC /* Build configuration list for PBXNativeTarget "Data" */;
			buildPhases = (
				A8B4EC892B5843B4005674FC /* Headers */,
				A8B4EC8A2B5843B4005674FC /* Sources */,
				A8B4EC8B2B5843B4005674FC /* Frameworks */,
				A8B4EC8C2B5843B4005674FC /* Resources */,
				A8B4ECA82B58441E005674FC /* Embed Frameworks */,
			);
			buildRules = (
			);
			dependencies = (
				A8B4ECA72B58441E005674FC /* PBXTargetDependency */,
			);
			name = Data;
			productName = Data;
			productReference = A8B4EC8E2B5843B4005674FC /* Data.framework */;
			productType = "com.apple.product-type.framework";
		};
		A8B4EC942B5843B4005674FC /* DataTests */ = {
			isa = PBXNativeTarget;
			buildConfigurationList = A8B4ECA02B5843B4005674FC /* Build configuration list for PBXNativeTarget "DataTests" */;
			buildPhases = (
				A8B4EC912B5843B4005674FC /* Sources */,
				A8B4EC922B5843B4005674FC /* Frameworks */,
				A8B4EC932B5843B4005674FC /* Resources */,
			);
			buildRules = (
			);
			dependencies = (
				A8B4EC982B5843B4005674FC /* PBXTargetDependency */,
			);
			name = DataTests;
			productName = DataTests;
			productReference = A8B4EC952B5843B4005674FC /* DataTests.xctest */;
			productType = "com.apple.product-type.bundle.unit-test";
		};
		A8BE10FB2B865264003438DC /* UseCasesIntegrationTests */ = {
			isa = PBXNativeTarget;
			buildConfigurationList = A8BE11032B865264003438DC /* Build configuration list for PBXNativeTarget "UseCasesIntegrationTests" */;
			buildPhases = (
				A8BE10F82B865264003438DC /* Sources */,
				A8BE10F92B865264003438DC /* Frameworks */,
				A8BE10FA2B865264003438DC /* Resources */,
			);
			buildRules = (
			);
			dependencies = (
				A8BE11102B8652AE003438DC /* PBXTargetDependency */,
				A8BE11122B8652AE003438DC /* PBXTargetDependency */,
				A8BE11022B865264003438DC /* PBXTargetDependency */,
			);
			name = UseCasesIntegrationTests;
			productName = UseCasesIntegrationTests;
			productReference = A8BE10FC2B865264003438DC /* UseCasesIntegrationTests.xctest */;
			productType = "com.apple.product-type.bundle.unit-test";
		};
		A8EB74722B7310F8005FE3F2 /* Infra */ = {
			isa = PBXNativeTarget;
			buildConfigurationList = A8EB74822B7310F8005FE3F2 /* Build configuration list for PBXNativeTarget "Infra" */;
			buildPhases = (
				A8EB746E2B7310F8005FE3F2 /* Headers */,
				A8EB746F2B7310F8005FE3F2 /* Sources */,
				A8EB74702B7310F8005FE3F2 /* Frameworks */,
				A8EB74712B7310F8005FE3F2 /* Resources */,
				A8EB748E2B7311EE005FE3F2 /* Embed Frameworks */,
			);
			buildRules = (
			);
			dependencies = (
				A8EB748D2B7311EE005FE3F2 /* PBXTargetDependency */,
			);
			name = Infra;
			packageProductDependencies = (
				A8EB74922B7312E9005FE3F2 /* Alamofire */,
			);
			productName = Infra;
			productReference = A8EB74732B7310F8005FE3F2 /* Infra.framework */;
			productType = "com.apple.product-type.framework";
		};
		A8EB74792B7310F8005FE3F2 /* InfraTests */ = {
			isa = PBXNativeTarget;
			buildConfigurationList = A8EB74852B7310F8005FE3F2 /* Build configuration list for PBXNativeTarget "InfraTests" */;
			buildPhases = (
				A8EB74762B7310F8005FE3F2 /* Sources */,
				A8EB74772B7310F8005FE3F2 /* Frameworks */,
				A8EB74782B7310F8005FE3F2 /* Resources */,
			);
			buildRules = (
			);
			dependencies = (
				A8EB747D2B7310F8005FE3F2 /* PBXTargetDependency */,
			);
			name = InfraTests;
			productName = InfraTests;
			productReference = A8EB747A2B7310F8005FE3F2 /* InfraTests.xctest */;
			productType = "com.apple.product-type.bundle.unit-test";
		};
		A8FF1DAF2BBC98EB001C52EF /* Presentation */ = {
			isa = PBXNativeTarget;
			buildConfigurationList = A8FF1DC32BBC98EB001C52EF /* Build configuration list for PBXNativeTarget "Presentation" */;
			buildPhases = (
				A8FF1DAB2BBC98EB001C52EF /* Headers */,
				A8FF1DAC2BBC98EB001C52EF /* Sources */,
				A8FF1DAD2BBC98EB001C52EF /* Frameworks */,
				A8FF1DAE2BBC98EB001C52EF /* Resources */,
			);
			buildRules = (
			);
			dependencies = (
				A8FF1DC82BBCA083001C52EF /* PBXTargetDependency */,
			);
			name = Presentation;
			productName = Presentation;
			productReference = A8FF1DB02BBC98EB001C52EF /* Presentation.framework */;
			productType = "com.apple.product-type.framework";
		};
		A8FF1DB62BBC98EB001C52EF /* PresentationTests */ = {
			isa = PBXNativeTarget;
			buildConfigurationList = A8FF1DC42BBC98EB001C52EF /* Build configuration list for PBXNativeTarget "PresentationTests" */;
			buildPhases = (
				A8FF1DB32BBC98EB001C52EF /* Sources */,
				A8FF1DB42BBC98EB001C52EF /* Frameworks */,
				A8FF1DB52BBC98EB001C52EF /* Resources */,
			);
			buildRules = (
			);
			dependencies = (
				A8FF1DBA2BBC98EB001C52EF /* PBXTargetDependency */,
			);
			name = PresentationTests;
			productName = PresentationTests;
			productReference = A8FF1DB72BBC98EB001C52EF /* PresentationTests.xctest */;
			productType = "com.apple.product-type.bundle.unit-test";
		};
/* End PBXNativeTarget section */

/* Begin PBXProject section */
		A89072152B56B48F0079926E /* Project object */ = {
			isa = PBXProject;
			attributes = {
				BuildIndependentTargetsInParallel = 1;
				LastSwiftUpdateCheck = 1530;
				LastUpgradeCheck = 1510;
				TargetAttributes = {
					A890722E2B56B5990079926E = {
						CreatedOnToolsVersion = 15.1;
					};
					A8B4EC8D2B5843B4005674FC = {
						CreatedOnToolsVersion = 15.1;
						LastSwiftMigration = 1510;
					};
					A8B4EC942B5843B4005674FC = {
						CreatedOnToolsVersion = 15.1;
					};
					A8BE10FB2B865264003438DC = {
						CreatedOnToolsVersion = 15.2;
					};
					A8EB74722B7310F8005FE3F2 = {
						CreatedOnToolsVersion = 15.2;
						LastSwiftMigration = 1520;
					};
					A8EB74792B7310F8005FE3F2 = {
						CreatedOnToolsVersion = 15.2;
					};
					A8FF1DAF2BBC98EB001C52EF = {
						CreatedOnToolsVersion = 15.3;
						LastSwiftMigration = 1530;
					};
					A8FF1DB62BBC98EB001C52EF = {
						CreatedOnToolsVersion = 15.3;
					};
				};
			};
			buildConfigurationList = A89072182B56B48F0079926E /* Build configuration list for PBXProject "CleanApp" */;
			compatibilityVersion = "Xcode 14.0";
			developmentRegion = en;
			hasScannedForEncodings = 0;
			knownRegions = (
				en,
				Base,
			);
			mainGroup = A89072142B56B48F0079926E;
			packageReferences = (
				A8EB74912B7312E9005FE3F2 /* XCRemoteSwiftPackageReference "Alamofire" */,
			);
			productRefGroup = A890721F2B56B48F0079926E /* Products */;
			projectDirPath = "";
			projectRoot = "";
			targets = (
				A890722E2B56B5990079926E /* Domain */,
				A8B4EC8D2B5843B4005674FC /* Data */,
				A8B4EC942B5843B4005674FC /* DataTests */,
				A8EB74722B7310F8005FE3F2 /* Infra */,
				A8EB74792B7310F8005FE3F2 /* InfraTests */,
				A8BE10FB2B865264003438DC /* UseCasesIntegrationTests */,
				A8FF1DAF2BBC98EB001C52EF /* Presentation */,
				A8FF1DB62BBC98EB001C52EF /* PresentationTests */,
			);
		};
/* End PBXProject section */

/* Begin PBXResourcesBuildPhase section */
		A890722D2B56B5990079926E /* Resources */ = {
			isa = PBXResourcesBuildPhase;
			buildActionMask = 2147483647;
			files = (
			);
			runOnlyForDeploymentPostprocessing = 0;
		};
		A8B4EC8C2B5843B4005674FC /* Resources */ = {
			isa = PBXResourcesBuildPhase;
			buildActionMask = 2147483647;
			files = (
			);
			runOnlyForDeploymentPostprocessing = 0;
		};
		A8B4EC932B5843B4005674FC /* Resources */ = {
			isa = PBXResourcesBuildPhase;
			buildActionMask = 2147483647;
			files = (
			);
			runOnlyForDeploymentPostprocessing = 0;
		};
		A8BE10FA2B865264003438DC /* Resources */ = {
			isa = PBXResourcesBuildPhase;
			buildActionMask = 2147483647;
			files = (
			);
			runOnlyForDeploymentPostprocessing = 0;
		};
		A8EB74712B7310F8005FE3F2 /* Resources */ = {
			isa = PBXResourcesBuildPhase;
			buildActionMask = 2147483647;
			files = (
			);
			runOnlyForDeploymentPostprocessing = 0;
		};
		A8EB74782B7310F8005FE3F2 /* Resources */ = {
			isa = PBXResourcesBuildPhase;
			buildActionMask = 2147483647;
			files = (
			);
			runOnlyForDeploymentPostprocessing = 0;
		};
		A8FF1DAE2BBC98EB001C52EF /* Resources */ = {
			isa = PBXResourcesBuildPhase;
			buildActionMask = 2147483647;
			files = (
			);
			runOnlyForDeploymentPostprocessing = 0;
		};
		A8FF1DB52BBC98EB001C52EF /* Resources */ = {
			isa = PBXResourcesBuildPhase;
			buildActionMask = 2147483647;
			files = (
			);
			runOnlyForDeploymentPostprocessing = 0;
		};
/* End PBXResourcesBuildPhase section */

/* Begin PBXSourcesBuildPhase section */
		A890722B2B56B5990079926E /* Sources */ = {
			isa = PBXSourcesBuildPhase;
			buildActionMask = 2147483647;
			files = (
				A8D926E42B5EC09D00D01722 /* DomainError.swift in Sources */,
				A89072332B56B5990079926E /* Domain.docc in Sources */,
				A8B4EC882B58309A005674FC /* AccountModel.swift in Sources */,
				A8B4EC862B582F15005674FC /* AddAccount.swift in Sources */,
				A8B4ECAA2B585625005674FC /* Model.swift in Sources */,
			);
			runOnlyForDeploymentPostprocessing = 0;
		};
		A8B4EC8A2B5843B4005674FC /* Sources */ = {
			isa = PBXSourcesBuildPhase;
			buildActionMask = 2147483647;
			files = (
				A8B4ECAE2B5856EF005674FC /* HttpPostClient.swift in Sources */,
				A8354E222B728C9700A97762 /* ExtensionHelpers.swift in Sources */,
				A8D926E62B5EC25100D01722 /* HttpError.swift in Sources */,
				A8B4ECAC2B5856B9005674FC /* RemoteAddAccount.swift in Sources */,
			);
			runOnlyForDeploymentPostprocessing = 0;
		};
		A8B4EC912B5843B4005674FC /* Sources */ = {
			isa = PBXSourcesBuildPhase;
			buildActionMask = 2147483647;
			files = (
				A8EB74682B730F08005FE3F2 /* TestFactories.swift in Sources */,
				A8EB746B2B730F74005FE3F2 /* HttpClientSpy.swift in Sources */,
				A8B4EC9B2B5843B4005674FC /* RemoteAddAccountTests.swift in Sources */,
				A8EB746D2B730FCF005FE3F2 /* AccountModelFactory.swift in Sources */,
				A8EB74662B730E89005FE3F2 /* TestExtensions.swift in Sources */,
			);
			runOnlyForDeploymentPostprocessing = 0;
		};
		A8BE10F82B865264003438DC /* Sources */ = {
			isa = PBXSourcesBuildPhase;
			buildActionMask = 2147483647;
			files = (
				A8BE10FF2B865264003438DC /* AddAccountIntegrationTests.swift in Sources */,
			);
			runOnlyForDeploymentPostprocessing = 0;
		};
		A8EB746F2B7310F8005FE3F2 /* Sources */ = {
			isa = PBXSourcesBuildPhase;
			buildActionMask = 2147483647;
			files = (
				A896133A2B858D3C002A191B /* AlamofireAdapter.swift in Sources */,
			);
			runOnlyForDeploymentPostprocessing = 0;
		};
		A8EB74762B7310F8005FE3F2 /* Sources */ = {
			isa = PBXSourcesBuildPhase;
			buildActionMask = 2147483647;
			files = (
				A8EB74902B731220005FE3F2 /* TestFactories.swift in Sources */,
				A8EB74892B731134005FE3F2 /* AlamofireAdapterTests.swift in Sources */,
				A8EB748F2B731211005FE3F2 /* TestExtensions.swift in Sources */,
				A896133E2B858E7C002A191B /* URLProtocolStub.swift in Sources */,
			);
			runOnlyForDeploymentPostprocessing = 0;
		};
		A8FF1DAC2BBC98EB001C52EF /* Sources */ = {
			isa = PBXSourcesBuildPhase;
			buildActionMask = 2147483647;
			files = (
				A8FF1DC62BBCA051001C52EF /* SignUpPresenter.swift in Sources */,
				A8FF1DCB2BBCA112001C52EF /* AlertView.swift in Sources */,
				A8FF1DD02BBCA43C001C52EF /* EmailValidator.swift in Sources */,
			);
			runOnlyForDeploymentPostprocessing = 0;
		};
		A8FF1DB32BBC98EB001C52EF /* Sources */ = {
			isa = PBXSourcesBuildPhase;
			buildActionMask = 2147483647;
			files = (
				A8FF1DBD2BBC98EB001C52EF /* SignUpPresenterTests.swift in Sources */,
			);
			runOnlyForDeploymentPostprocessing = 0;
		};
/* End PBXSourcesBuildPhase section */

/* Begin PBXTargetDependency section */
		A8B4EC982B5843B4005674FC /* PBXTargetDependency */ = {
			isa = PBXTargetDependency;
			target = A8B4EC8D2B5843B4005674FC /* Data */;
			targetProxy = A8B4EC972B5843B4005674FC /* PBXContainerItemProxy */;
		};
		A8B4ECA72B58441E005674FC /* PBXTargetDependency */ = {
			isa = PBXTargetDependency;
			target = A890722E2B56B5990079926E /* Domain */;
			targetProxy = A8B4ECA62B58441E005674FC /* PBXContainerItemProxy */;
		};
		A8BE11022B865264003438DC /* PBXTargetDependency */ = {
			isa = PBXTargetDependency;
			target = A8B4EC8D2B5843B4005674FC /* Data */;
			targetProxy = A8BE11012B865264003438DC /* PBXContainerItemProxy */;
		};
		A8BE11102B8652AE003438DC /* PBXTargetDependency */ = {
			isa = PBXTargetDependency;
			target = A890722E2B56B5990079926E /* Domain */;
			targetProxy = A8BE110F2B8652AE003438DC /* PBXContainerItemProxy */;
		};
		A8BE11122B8652AE003438DC /* PBXTargetDependency */ = {
			isa = PBXTargetDependency;
			target = A8EB74722B7310F8005FE3F2 /* Infra */;
			targetProxy = A8BE11112B8652AE003438DC /* PBXContainerItemProxy */;
		};
		A8EB747D2B7310F8005FE3F2 /* PBXTargetDependency */ = {
			isa = PBXTargetDependency;
			target = A8EB74722B7310F8005FE3F2 /* Infra */;
			targetProxy = A8EB747C2B7310F8005FE3F2 /* PBXContainerItemProxy */;
		};
		A8EB748D2B7311EE005FE3F2 /* PBXTargetDependency */ = {
			isa = PBXTargetDependency;
			target = A8B4EC8D2B5843B4005674FC /* Data */;
			targetProxy = A8EB748C2B7311EE005FE3F2 /* PBXContainerItemProxy */;
		};
		A8FF1DBA2BBC98EB001C52EF /* PBXTargetDependency */ = {
			isa = PBXTargetDependency;
			target = A8FF1DAF2BBC98EB001C52EF /* Presentation */;
			targetProxy = A8FF1DB92BBC98EB001C52EF /* PBXContainerItemProxy */;
		};
		A8FF1DC82BBCA083001C52EF /* PBXTargetDependency */ = {
			isa = PBXTargetDependency;
			target = A890722E2B56B5990079926E /* Domain */;
			targetProxy = A8FF1DC72BBCA083001C52EF /* PBXContainerItemProxy */;
		};
/* End PBXTargetDependency section */

/* Begin XCBuildConfiguration section */
		A89072252B56B48F0079926E /* Debug */ = {
			isa = XCBuildConfiguration;
			buildSettings = {
				ALWAYS_SEARCH_USER_PATHS = NO;
				ASSETCATALOG_COMPILER_GENERATE_SWIFT_ASSET_SYMBOL_EXTENSIONS = YES;
				CLANG_ANALYZER_NONNULL = YES;
				CLANG_ANALYZER_NUMBER_OBJECT_CONVERSION = YES_AGGRESSIVE;
				CLANG_CXX_LANGUAGE_STANDARD = "gnu++20";
				CLANG_ENABLE_MODULES = YES;
				CLANG_ENABLE_OBJC_ARC = YES;
				CLANG_ENABLE_OBJC_WEAK = YES;
				CLANG_WARN_BLOCK_CAPTURE_AUTORELEASING = YES;
				CLANG_WARN_BOOL_CONVERSION = YES;
				CLANG_WARN_COMMA = YES;
				CLANG_WARN_CONSTANT_CONVERSION = YES;
				CLANG_WARN_DEPRECATED_OBJC_IMPLEMENTATIONS = YES;
				CLANG_WARN_DIRECT_OBJC_ISA_USAGE = YES_ERROR;
				CLANG_WARN_DOCUMENTATION_COMMENTS = YES;
				CLANG_WARN_EMPTY_BODY = YES;
				CLANG_WARN_ENUM_CONVERSION = YES;
				CLANG_WARN_INFINITE_RECURSION = YES;
				CLANG_WARN_INT_CONVERSION = YES;
				CLANG_WARN_NON_LITERAL_NULL_CONVERSION = YES;
				CLANG_WARN_OBJC_IMPLICIT_RETAIN_SELF = YES;
				CLANG_WARN_OBJC_LITERAL_CONVERSION = YES;
				CLANG_WARN_OBJC_ROOT_CLASS = YES_ERROR;
				CLANG_WARN_QUOTED_INCLUDE_IN_FRAMEWORK_HEADER = YES;
				CLANG_WARN_RANGE_LOOP_ANALYSIS = YES;
				CLANG_WARN_STRICT_PROTOTYPES = YES;
				CLANG_WARN_SUSPICIOUS_MOVE = YES;
				CLANG_WARN_UNGUARDED_AVAILABILITY = YES_AGGRESSIVE;
				CLANG_WARN_UNREACHABLE_CODE = YES;
				CLANG_WARN__DUPLICATE_METHOD_MATCH = YES;
				COPY_PHASE_STRIP = NO;
				CURRENT_PROJECT_VERSION = 1;
				DEBUG_INFORMATION_FORMAT = dwarf;
				ENABLE_STRICT_OBJC_MSGSEND = YES;
				ENABLE_TESTABILITY = YES;
				ENABLE_USER_SCRIPT_SANDBOXING = YES;
				GCC_C_LANGUAGE_STANDARD = gnu17;
				GCC_DYNAMIC_NO_PIC = NO;
				GCC_NO_COMMON_BLOCKS = YES;
				GCC_OPTIMIZATION_LEVEL = 0;
				GCC_PREPROCESSOR_DEFINITIONS = (
					"DEBUG=1",
					"$(inherited)",
				);
				GCC_WARN_64_TO_32_BIT_CONVERSION = YES;
				GCC_WARN_ABOUT_RETURN_TYPE = YES_ERROR;
				GCC_WARN_UNDECLARED_SELECTOR = YES;
				GCC_WARN_UNINITIALIZED_AUTOS = YES_AGGRESSIVE;
				GCC_WARN_UNUSED_FUNCTION = YES;
				GCC_WARN_UNUSED_VARIABLE = YES;
				IPHONEOS_DEPLOYMENT_TARGET = 17.2;
				LOCALIZATION_PREFERS_STRING_CATALOGS = YES;
				MTL_ENABLE_DEBUG_INFO = INCLUDE_SOURCE;
				MTL_FAST_MATH = YES;
				ONLY_ACTIVE_ARCH = YES;
				SDKROOT = iphoneos;
				SWIFT_ACTIVE_COMPILATION_CONDITIONS = "DEBUG $(inherited)";
				SWIFT_OPTIMIZATION_LEVEL = "-Onone";
				VERSIONING_SYSTEM = "apple-generic";
				VERSION_INFO_PREFIX = "";
			};
			name = Debug;
		};
		A89072262B56B48F0079926E /* Release */ = {
			isa = XCBuildConfiguration;
			buildSettings = {
				ALWAYS_SEARCH_USER_PATHS = NO;
				ASSETCATALOG_COMPILER_GENERATE_SWIFT_ASSET_SYMBOL_EXTENSIONS = YES;
				CLANG_ANALYZER_NONNULL = YES;
				CLANG_ANALYZER_NUMBER_OBJECT_CONVERSION = YES_AGGRESSIVE;
				CLANG_CXX_LANGUAGE_STANDARD = "gnu++20";
				CLANG_ENABLE_MODULES = YES;
				CLANG_ENABLE_OBJC_ARC = YES;
				CLANG_ENABLE_OBJC_WEAK = YES;
				CLANG_WARN_BLOCK_CAPTURE_AUTORELEASING = YES;
				CLANG_WARN_BOOL_CONVERSION = YES;
				CLANG_WARN_COMMA = YES;
				CLANG_WARN_CONSTANT_CONVERSION = YES;
				CLANG_WARN_DEPRECATED_OBJC_IMPLEMENTATIONS = YES;
				CLANG_WARN_DIRECT_OBJC_ISA_USAGE = YES_ERROR;
				CLANG_WARN_DOCUMENTATION_COMMENTS = YES;
				CLANG_WARN_EMPTY_BODY = YES;
				CLANG_WARN_ENUM_CONVERSION = YES;
				CLANG_WARN_INFINITE_RECURSION = YES;
				CLANG_WARN_INT_CONVERSION = YES;
				CLANG_WARN_NON_LITERAL_NULL_CONVERSION = YES;
				CLANG_WARN_OBJC_IMPLICIT_RETAIN_SELF = YES;
				CLANG_WARN_OBJC_LITERAL_CONVERSION = YES;
				CLANG_WARN_OBJC_ROOT_CLASS = YES_ERROR;
				CLANG_WARN_QUOTED_INCLUDE_IN_FRAMEWORK_HEADER = YES;
				CLANG_WARN_RANGE_LOOP_ANALYSIS = YES;
				CLANG_WARN_STRICT_PROTOTYPES = YES;
				CLANG_WARN_SUSPICIOUS_MOVE = YES;
				CLANG_WARN_UNGUARDED_AVAILABILITY = YES_AGGRESSIVE;
				CLANG_WARN_UNREACHABLE_CODE = YES;
				CLANG_WARN__DUPLICATE_METHOD_MATCH = YES;
				COPY_PHASE_STRIP = NO;
				CURRENT_PROJECT_VERSION = 1;
				DEBUG_INFORMATION_FORMAT = "dwarf-with-dsym";
				ENABLE_NS_ASSERTIONS = NO;
				ENABLE_STRICT_OBJC_MSGSEND = YES;
				ENABLE_USER_SCRIPT_SANDBOXING = YES;
				GCC_C_LANGUAGE_STANDARD = gnu17;
				GCC_NO_COMMON_BLOCKS = YES;
				GCC_WARN_64_TO_32_BIT_CONVERSION = YES;
				GCC_WARN_ABOUT_RETURN_TYPE = YES_ERROR;
				GCC_WARN_UNDECLARED_SELECTOR = YES;
				GCC_WARN_UNINITIALIZED_AUTOS = YES_AGGRESSIVE;
				GCC_WARN_UNUSED_FUNCTION = YES;
				GCC_WARN_UNUSED_VARIABLE = YES;
				IPHONEOS_DEPLOYMENT_TARGET = 17.2;
				LOCALIZATION_PREFERS_STRING_CATALOGS = YES;
				MTL_ENABLE_DEBUG_INFO = NO;
				MTL_FAST_MATH = YES;
				SDKROOT = iphoneos;
				SWIFT_COMPILATION_MODE = wholemodule;
				VALIDATE_PRODUCT = YES;
				VERSIONING_SYSTEM = "apple-generic";
				VERSION_INFO_PREFIX = "";
			};
			name = Release;
		};
		A89072362B56B5990079926E /* Debug */ = {
			isa = XCBuildConfiguration;
			buildSettings = {
				CODE_SIGN_STYLE = Automatic;
				COMBINE_HIDPI_IMAGES = YES;
				CURRENT_PROJECT_VERSION = 1;
				DEFINES_MODULE = YES;
				DEVELOPMENT_TEAM = 32QLT39CJ3;
				DYLIB_COMPATIBILITY_VERSION = 1;
				DYLIB_CURRENT_VERSION = 1;
				DYLIB_INSTALL_NAME_BASE = "@rpath";
				ENABLE_MODULE_VERIFIER = YES;
				GENERATE_INFOPLIST_FILE = YES;
				INFOPLIST_KEY_NSHumanReadableCopyright = "";
				INSTALL_PATH = "$(LOCAL_LIBRARY_DIR)/Frameworks";
				LD_RUNPATH_SEARCH_PATHS = (
					"$(inherited)",
					"@executable_path/../Frameworks",
					"@loader_path/Frameworks",
				);
				MACOSX_DEPLOYMENT_TARGET = 14.2;
				MARKETING_VERSION = 1.0;
				MODULE_VERIFIER_SUPPORTED_LANGUAGES = "objective-c objective-c++";
				MODULE_VERIFIER_SUPPORTED_LANGUAGE_STANDARDS = "gnu17 gnu++20";
				PRODUCT_BUNDLE_IDENTIFIER = br.com.allex.c.o.Domain;
				PRODUCT_NAME = "$(TARGET_NAME:c99extidentifier)";
				SDKROOT = macosx;
				SKIP_INSTALL = YES;
				SWIFT_EMIT_LOC_STRINGS = YES;
				SWIFT_VERSION = 5.0;
			};
			name = Debug;
		};
		A89072372B56B5990079926E /* Release */ = {
			isa = XCBuildConfiguration;
			buildSettings = {
				CODE_SIGN_STYLE = Automatic;
				COMBINE_HIDPI_IMAGES = YES;
				CURRENT_PROJECT_VERSION = 1;
				DEFINES_MODULE = YES;
				DEVELOPMENT_TEAM = 32QLT39CJ3;
				DYLIB_COMPATIBILITY_VERSION = 1;
				DYLIB_CURRENT_VERSION = 1;
				DYLIB_INSTALL_NAME_BASE = "@rpath";
				ENABLE_MODULE_VERIFIER = YES;
				GENERATE_INFOPLIST_FILE = YES;
				INFOPLIST_KEY_NSHumanReadableCopyright = "";
				INSTALL_PATH = "$(LOCAL_LIBRARY_DIR)/Frameworks";
				LD_RUNPATH_SEARCH_PATHS = (
					"$(inherited)",
					"@executable_path/../Frameworks",
					"@loader_path/Frameworks",
				);
				MACOSX_DEPLOYMENT_TARGET = 14.2;
				MARKETING_VERSION = 1.0;
				MODULE_VERIFIER_SUPPORTED_LANGUAGES = "objective-c objective-c++";
				MODULE_VERIFIER_SUPPORTED_LANGUAGE_STANDARDS = "gnu17 gnu++20";
				PRODUCT_BUNDLE_IDENTIFIER = br.com.allex.c.o.Domain;
				PRODUCT_NAME = "$(TARGET_NAME:c99extidentifier)";
				SDKROOT = macosx;
				SKIP_INSTALL = YES;
				SWIFT_EMIT_LOC_STRINGS = YES;
				SWIFT_VERSION = 5.0;
			};
			name = Release;
		};
		A8B4EC9E2B5843B4005674FC /* Debug */ = {
			isa = XCBuildConfiguration;
			buildSettings = {
				CLANG_ENABLE_MODULES = YES;
				CODE_SIGN_STYLE = Automatic;
				COMBINE_HIDPI_IMAGES = YES;
				CURRENT_PROJECT_VERSION = 1;
				DEFINES_MODULE = YES;
				DEVELOPMENT_TEAM = 32QLT39CJ3;
				DYLIB_COMPATIBILITY_VERSION = 1;
				DYLIB_CURRENT_VERSION = 1;
				DYLIB_INSTALL_NAME_BASE = "@rpath";
				ENABLE_MODULE_VERIFIER = YES;
				GENERATE_INFOPLIST_FILE = YES;
				INFOPLIST_KEY_NSHumanReadableCopyright = "";
				INSTALL_PATH = "$(LOCAL_LIBRARY_DIR)/Frameworks";
				LD_RUNPATH_SEARCH_PATHS = (
					"$(inherited)",
					"@executable_path/../Frameworks",
					"@loader_path/Frameworks",
				);
				MACOSX_DEPLOYMENT_TARGET = 14.2;
				MARKETING_VERSION = 1.0;
				MODULE_VERIFIER_SUPPORTED_LANGUAGES = "objective-c objective-c++";
				MODULE_VERIFIER_SUPPORTED_LANGUAGE_STANDARDS = "gnu17 gnu++20";
				PRODUCT_BUNDLE_IDENTIFIER = br.com.allex.c.o.Data;
				PRODUCT_NAME = "$(TARGET_NAME:c99extidentifier)";
				SDKROOT = macosx;
				SKIP_INSTALL = YES;
				SWIFT_EMIT_LOC_STRINGS = YES;
				SWIFT_OPTIMIZATION_LEVEL = "-Onone";
				SWIFT_VERSION = 5.0;
			};
			name = Debug;
		};
		A8B4EC9F2B5843B4005674FC /* Release */ = {
			isa = XCBuildConfiguration;
			buildSettings = {
				CLANG_ENABLE_MODULES = YES;
				CODE_SIGN_STYLE = Automatic;
				COMBINE_HIDPI_IMAGES = YES;
				CURRENT_PROJECT_VERSION = 1;
				DEFINES_MODULE = YES;
				DEVELOPMENT_TEAM = 32QLT39CJ3;
				DYLIB_COMPATIBILITY_VERSION = 1;
				DYLIB_CURRENT_VERSION = 1;
				DYLIB_INSTALL_NAME_BASE = "@rpath";
				ENABLE_MODULE_VERIFIER = YES;
				GENERATE_INFOPLIST_FILE = YES;
				INFOPLIST_KEY_NSHumanReadableCopyright = "";
				INSTALL_PATH = "$(LOCAL_LIBRARY_DIR)/Frameworks";
				LD_RUNPATH_SEARCH_PATHS = (
					"$(inherited)",
					"@executable_path/../Frameworks",
					"@loader_path/Frameworks",
				);
				MACOSX_DEPLOYMENT_TARGET = 14.2;
				MARKETING_VERSION = 1.0;
				MODULE_VERIFIER_SUPPORTED_LANGUAGES = "objective-c objective-c++";
				MODULE_VERIFIER_SUPPORTED_LANGUAGE_STANDARDS = "gnu17 gnu++20";
				PRODUCT_BUNDLE_IDENTIFIER = br.com.allex.c.o.Data;
				PRODUCT_NAME = "$(TARGET_NAME:c99extidentifier)";
				SDKROOT = macosx;
				SKIP_INSTALL = YES;
				SWIFT_EMIT_LOC_STRINGS = YES;
				SWIFT_VERSION = 5.0;
			};
			name = Release;
		};
		A8B4ECA12B5843B4005674FC /* Debug */ = {
			isa = XCBuildConfiguration;
			buildSettings = {
				ALWAYS_EMBED_SWIFT_STANDARD_LIBRARIES = YES;
				CODE_SIGN_STYLE = Automatic;
				CURRENT_PROJECT_VERSION = 1;
				DEVELOPMENT_TEAM = 32QLT39CJ3;
				GENERATE_INFOPLIST_FILE = YES;
				MACOSX_DEPLOYMENT_TARGET = 14.2;
				MARKETING_VERSION = 1.0;
				PRODUCT_BUNDLE_IDENTIFIER = br.com.allex.c.o.DataTests;
				PRODUCT_NAME = "$(TARGET_NAME)";
				SDKROOT = macosx;
				SWIFT_EMIT_LOC_STRINGS = NO;
				SWIFT_VERSION = 5.0;
			};
			name = Debug;
		};
		A8B4ECA22B5843B4005674FC /* Release */ = {
			isa = XCBuildConfiguration;
			buildSettings = {
				ALWAYS_EMBED_SWIFT_STANDARD_LIBRARIES = YES;
				CODE_SIGN_STYLE = Automatic;
				CURRENT_PROJECT_VERSION = 1;
				DEVELOPMENT_TEAM = 32QLT39CJ3;
				GENERATE_INFOPLIST_FILE = YES;
				MACOSX_DEPLOYMENT_TARGET = 14.2;
				MARKETING_VERSION = 1.0;
				PRODUCT_BUNDLE_IDENTIFIER = br.com.allex.c.o.DataTests;
				PRODUCT_NAME = "$(TARGET_NAME)";
				SDKROOT = macosx;
				SWIFT_EMIT_LOC_STRINGS = NO;
				SWIFT_VERSION = 5.0;
			};
			name = Release;
		};
		A8BE11042B865264003438DC /* Debug */ = {
			isa = XCBuildConfiguration;
			buildSettings = {
				CODE_SIGN_STYLE = Automatic;
				CURRENT_PROJECT_VERSION = 1;
				DEVELOPMENT_TEAM = 32QLT39CJ3;
				GENERATE_INFOPLIST_FILE = YES;
				MACOSX_DEPLOYMENT_TARGET = 14.2;
				MARKETING_VERSION = 1.0;
				PRODUCT_BUNDLE_IDENTIFIER = br.com.allex.c.o.UseCasesIntegrationTests;
				PRODUCT_NAME = "$(TARGET_NAME)";
				SDKROOT = macosx;
				SWIFT_EMIT_LOC_STRINGS = NO;
				SWIFT_VERSION = 5.0;
			};
			name = Debug;
		};
		A8BE11052B865264003438DC /* Release */ = {
			isa = XCBuildConfiguration;
			buildSettings = {
				CODE_SIGN_STYLE = Automatic;
				CURRENT_PROJECT_VERSION = 1;
				DEVELOPMENT_TEAM = 32QLT39CJ3;
				GENERATE_INFOPLIST_FILE = YES;
				MACOSX_DEPLOYMENT_TARGET = 14.2;
				MARKETING_VERSION = 1.0;
				PRODUCT_BUNDLE_IDENTIFIER = br.com.allex.c.o.UseCasesIntegrationTests;
				PRODUCT_NAME = "$(TARGET_NAME)";
				SDKROOT = macosx;
				SWIFT_EMIT_LOC_STRINGS = NO;
				SWIFT_VERSION = 5.0;
			};
			name = Release;
		};
		A8EB74832B7310F8005FE3F2 /* Debug */ = {
			isa = XCBuildConfiguration;
			buildSettings = {
				CLANG_ENABLE_MODULES = YES;
				CODE_SIGN_STYLE = Automatic;
				COMBINE_HIDPI_IMAGES = YES;
				CURRENT_PROJECT_VERSION = 1;
				DEFINES_MODULE = YES;
				DEVELOPMENT_TEAM = 32QLT39CJ3;
				DYLIB_COMPATIBILITY_VERSION = 1;
				DYLIB_CURRENT_VERSION = 1;
				DYLIB_INSTALL_NAME_BASE = "@rpath";
				ENABLE_MODULE_VERIFIER = YES;
				GENERATE_INFOPLIST_FILE = YES;
				INFOPLIST_KEY_NSHumanReadableCopyright = "";
				INSTALL_PATH = "$(LOCAL_LIBRARY_DIR)/Frameworks";
				LD_RUNPATH_SEARCH_PATHS = (
					"$(inherited)",
					"@executable_path/../Frameworks",
					"@loader_path/Frameworks",
				);
				MACOSX_DEPLOYMENT_TARGET = 14.2;
				MARKETING_VERSION = 1.0;
				MODULE_VERIFIER_SUPPORTED_LANGUAGES = "objective-c objective-c++";
				MODULE_VERIFIER_SUPPORTED_LANGUAGE_STANDARDS = "gnu17 gnu++20";
				PRODUCT_BUNDLE_IDENTIFIER = br.com.allex.c.o.Infra;
				PRODUCT_NAME = "$(TARGET_NAME:c99extidentifier)";
				SDKROOT = macosx;
				SKIP_INSTALL = YES;
				SWIFT_EMIT_LOC_STRINGS = YES;
				SWIFT_OPTIMIZATION_LEVEL = "-Onone";
				SWIFT_VERSION = 5.0;
			};
			name = Debug;
		};
		A8EB74842B7310F8005FE3F2 /* Release */ = {
			isa = XCBuildConfiguration;
			buildSettings = {
				CLANG_ENABLE_MODULES = YES;
				CODE_SIGN_STYLE = Automatic;
				COMBINE_HIDPI_IMAGES = YES;
				CURRENT_PROJECT_VERSION = 1;
				DEFINES_MODULE = YES;
				DEVELOPMENT_TEAM = 32QLT39CJ3;
				DYLIB_COMPATIBILITY_VERSION = 1;
				DYLIB_CURRENT_VERSION = 1;
				DYLIB_INSTALL_NAME_BASE = "@rpath";
				ENABLE_MODULE_VERIFIER = YES;
				GENERATE_INFOPLIST_FILE = YES;
				INFOPLIST_KEY_NSHumanReadableCopyright = "";
				INSTALL_PATH = "$(LOCAL_LIBRARY_DIR)/Frameworks";
				LD_RUNPATH_SEARCH_PATHS = (
					"$(inherited)",
					"@executable_path/../Frameworks",
					"@loader_path/Frameworks",
				);
				MACOSX_DEPLOYMENT_TARGET = 14.2;
				MARKETING_VERSION = 1.0;
				MODULE_VERIFIER_SUPPORTED_LANGUAGES = "objective-c objective-c++";
				MODULE_VERIFIER_SUPPORTED_LANGUAGE_STANDARDS = "gnu17 gnu++20";
				PRODUCT_BUNDLE_IDENTIFIER = br.com.allex.c.o.Infra;
				PRODUCT_NAME = "$(TARGET_NAME:c99extidentifier)";
				SDKROOT = macosx;
				SKIP_INSTALL = YES;
				SWIFT_EMIT_LOC_STRINGS = YES;
				SWIFT_VERSION = 5.0;
			};
			name = Release;
		};
		A8EB74862B7310F8005FE3F2 /* Debug */ = {
			isa = XCBuildConfiguration;
			buildSettings = {
				ALWAYS_EMBED_SWIFT_STANDARD_LIBRARIES = YES;
				CODE_SIGN_STYLE = Automatic;
				CURRENT_PROJECT_VERSION = 1;
				DEVELOPMENT_TEAM = 32QLT39CJ3;
				GENERATE_INFOPLIST_FILE = YES;
				MACOSX_DEPLOYMENT_TARGET = 14.2;
				MARKETING_VERSION = 1.0;
				PRODUCT_BUNDLE_IDENTIFIER = br.com.allex.c.o.InfraTests;
				PRODUCT_NAME = "$(TARGET_NAME)";
				SDKROOT = macosx;
				SWIFT_EMIT_LOC_STRINGS = NO;
				SWIFT_VERSION = 5.0;
			};
			name = Debug;
		};
		A8EB74872B7310F8005FE3F2 /* Release */ = {
			isa = XCBuildConfiguration;
			buildSettings = {
				ALWAYS_EMBED_SWIFT_STANDARD_LIBRARIES = YES;
				CODE_SIGN_STYLE = Automatic;
				CURRENT_PROJECT_VERSION = 1;
				DEVELOPMENT_TEAM = 32QLT39CJ3;
				GENERATE_INFOPLIST_FILE = YES;
				MACOSX_DEPLOYMENT_TARGET = 14.2;
				MARKETING_VERSION = 1.0;
				PRODUCT_BUNDLE_IDENTIFIER = br.com.allex.c.o.InfraTests;
				PRODUCT_NAME = "$(TARGET_NAME)";
				SDKROOT = macosx;
				SWIFT_EMIT_LOC_STRINGS = NO;
				SWIFT_VERSION = 5.0;
			};
			name = Release;
		};
		A8FF1DBF2BBC98EB001C52EF /* Debug */ = {
			isa = XCBuildConfiguration;
			buildSettings = {
				BUILD_LIBRARY_FOR_DISTRIBUTION = YES;
				CLANG_ENABLE_MODULES = YES;
				CODE_SIGN_STYLE = Automatic;
				COMBINE_HIDPI_IMAGES = YES;
				CURRENT_PROJECT_VERSION = 1;
				DEFINES_MODULE = YES;
				DEVELOPMENT_TEAM = 32QLT39CJ3;
				DYLIB_COMPATIBILITY_VERSION = 1;
				DYLIB_CURRENT_VERSION = 1;
				DYLIB_INSTALL_NAME_BASE = "@rpath";
				ENABLE_MODULE_VERIFIER = YES;
				GENERATE_INFOPLIST_FILE = YES;
				INFOPLIST_KEY_NSHumanReadableCopyright = "";
				INSTALL_PATH = "$(LOCAL_LIBRARY_DIR)/Frameworks";
				LD_RUNPATH_SEARCH_PATHS = (
					"$(inherited)",
					"@executable_path/../Frameworks",
					"@loader_path/Frameworks",
				);
				MACOSX_DEPLOYMENT_TARGET = 14.3;
				MARKETING_VERSION = 1.0;
				MODULE_VERIFIER_SUPPORTED_LANGUAGES = "objective-c objective-c++";
				MODULE_VERIFIER_SUPPORTED_LANGUAGE_STANDARDS = "gnu17 gnu++20";
				PRODUCT_BUNDLE_IDENTIFIER = br.com.allex.c.o.Presentation;
				PRODUCT_NAME = "$(TARGET_NAME:c99extidentifier)";
				SDKROOT = macosx;
				SKIP_INSTALL = YES;
				SWIFT_EMIT_LOC_STRINGS = YES;
				SWIFT_INSTALL_OBJC_HEADER = NO;
				SWIFT_OPTIMIZATION_LEVEL = "-Onone";
				SWIFT_VERSION = 5.0;
			};
			name = Debug;
		};
		A8FF1DC02BBC98EB001C52EF /* Release */ = {
			isa = XCBuildConfiguration;
			buildSettings = {
				BUILD_LIBRARY_FOR_DISTRIBUTION = YES;
				CLANG_ENABLE_MODULES = YES;
				CODE_SIGN_STYLE = Automatic;
				COMBINE_HIDPI_IMAGES = YES;
				CURRENT_PROJECT_VERSION = 1;
				DEFINES_MODULE = YES;
				DEVELOPMENT_TEAM = 32QLT39CJ3;
				DYLIB_COMPATIBILITY_VERSION = 1;
				DYLIB_CURRENT_VERSION = 1;
				DYLIB_INSTALL_NAME_BASE = "@rpath";
				ENABLE_MODULE_VERIFIER = YES;
				GENERATE_INFOPLIST_FILE = YES;
				INFOPLIST_KEY_NSHumanReadableCopyright = "";
				INSTALL_PATH = "$(LOCAL_LIBRARY_DIR)/Frameworks";
				LD_RUNPATH_SEARCH_PATHS = (
					"$(inherited)",
					"@executable_path/../Frameworks",
					"@loader_path/Frameworks",
				);
				MACOSX_DEPLOYMENT_TARGET = 14.3;
				MARKETING_VERSION = 1.0;
				MODULE_VERIFIER_SUPPORTED_LANGUAGES = "objective-c objective-c++";
				MODULE_VERIFIER_SUPPORTED_LANGUAGE_STANDARDS = "gnu17 gnu++20";
				PRODUCT_BUNDLE_IDENTIFIER = br.com.allex.c.o.Presentation;
				PRODUCT_NAME = "$(TARGET_NAME:c99extidentifier)";
				SDKROOT = macosx;
				SKIP_INSTALL = YES;
				SWIFT_EMIT_LOC_STRINGS = YES;
				SWIFT_INSTALL_OBJC_HEADER = NO;
				SWIFT_VERSION = 5.0;
			};
			name = Release;
		};
		A8FF1DC12BBC98EB001C52EF /* Debug */ = {
			isa = XCBuildConfiguration;
			buildSettings = {
				ALWAYS_EMBED_SWIFT_STANDARD_LIBRARIES = YES;
				CODE_SIGN_STYLE = Automatic;
				CURRENT_PROJECT_VERSION = 1;
				DEVELOPMENT_TEAM = 32QLT39CJ3;
				GENERATE_INFOPLIST_FILE = YES;
				MACOSX_DEPLOYMENT_TARGET = 14.3;
				MARKETING_VERSION = 1.0;
				PRODUCT_BUNDLE_IDENTIFIER = br.com.allex.c.o.PresentationTests;
				PRODUCT_NAME = "$(TARGET_NAME)";
				SDKROOT = macosx;
				SWIFT_EMIT_LOC_STRINGS = NO;
				SWIFT_VERSION = 5.0;
			};
			name = Debug;
		};
		A8FF1DC22BBC98EB001C52EF /* Release */ = {
			isa = XCBuildConfiguration;
			buildSettings = {
				ALWAYS_EMBED_SWIFT_STANDARD_LIBRARIES = YES;
				CODE_SIGN_STYLE = Automatic;
				CURRENT_PROJECT_VERSION = 1;
				DEVELOPMENT_TEAM = 32QLT39CJ3;
				GENERATE_INFOPLIST_FILE = YES;
				MACOSX_DEPLOYMENT_TARGET = 14.3;
				MARKETING_VERSION = 1.0;
				PRODUCT_BUNDLE_IDENTIFIER = br.com.allex.c.o.PresentationTests;
				PRODUCT_NAME = "$(TARGET_NAME)";
				SDKROOT = macosx;
				SWIFT_EMIT_LOC_STRINGS = NO;
				SWIFT_VERSION = 5.0;
			};
			name = Release;
		};
/* End XCBuildConfiguration section */

/* Begin XCConfigurationList section */
		A89072182B56B48F0079926E /* Build configuration list for PBXProject "CleanApp" */ = {
			isa = XCConfigurationList;
			buildConfigurations = (
				A89072252B56B48F0079926E /* Debug */,
				A89072262B56B48F0079926E /* Release */,
			);
			defaultConfigurationIsVisible = 0;
			defaultConfigurationName = Release;
		};
		A89072352B56B5990079926E /* Build configuration list for PBXNativeTarget "Domain" */ = {
			isa = XCConfigurationList;
			buildConfigurations = (
				A89072362B56B5990079926E /* Debug */,
				A89072372B56B5990079926E /* Release */,
			);
			defaultConfigurationIsVisible = 0;
			defaultConfigurationName = Release;
		};
		A8B4EC9D2B5843B4005674FC /* Build configuration list for PBXNativeTarget "Data" */ = {
			isa = XCConfigurationList;
			buildConfigurations = (
				A8B4EC9E2B5843B4005674FC /* Debug */,
				A8B4EC9F2B5843B4005674FC /* Release */,
			);
			defaultConfigurationIsVisible = 0;
			defaultConfigurationName = Release;
		};
		A8B4ECA02B5843B4005674FC /* Build configuration list for PBXNativeTarget "DataTests" */ = {
			isa = XCConfigurationList;
			buildConfigurations = (
				A8B4ECA12B5843B4005674FC /* Debug */,
				A8B4ECA22B5843B4005674FC /* Release */,
			);
			defaultConfigurationIsVisible = 0;
			defaultConfigurationName = Release;
		};
		A8BE11032B865264003438DC /* Build configuration list for PBXNativeTarget "UseCasesIntegrationTests" */ = {
			isa = XCConfigurationList;
			buildConfigurations = (
				A8BE11042B865264003438DC /* Debug */,
				A8BE11052B865264003438DC /* Release */,
			);
			defaultConfigurationIsVisible = 0;
			defaultConfigurationName = Release;
		};
		A8EB74822B7310F8005FE3F2 /* Build configuration list for PBXNativeTarget "Infra" */ = {
			isa = XCConfigurationList;
			buildConfigurations = (
				A8EB74832B7310F8005FE3F2 /* Debug */,
				A8EB74842B7310F8005FE3F2 /* Release */,
			);
			defaultConfigurationIsVisible = 0;
			defaultConfigurationName = Release;
		};
		A8EB74852B7310F8005FE3F2 /* Build configuration list for PBXNativeTarget "InfraTests" */ = {
			isa = XCConfigurationList;
			buildConfigurations = (
				A8EB74862B7310F8005FE3F2 /* Debug */,
				A8EB74872B7310F8005FE3F2 /* Release */,
			);
			defaultConfigurationIsVisible = 0;
			defaultConfigurationName = Release;
		};
		A8FF1DC32BBC98EB001C52EF /* Build configuration list for PBXNativeTarget "Presentation" */ = {
			isa = XCConfigurationList;
			buildConfigurations = (
				A8FF1DBF2BBC98EB001C52EF /* Debug */,
				A8FF1DC02BBC98EB001C52EF /* Release */,
			);
			defaultConfigurationIsVisible = 0;
			defaultConfigurationName = Release;
		};
		A8FF1DC42BBC98EB001C52EF /* Build configuration list for PBXNativeTarget "PresentationTests" */ = {
			isa = XCConfigurationList;
			buildConfigurations = (
				A8FF1DC12BBC98EB001C52EF /* Debug */,
				A8FF1DC22BBC98EB001C52EF /* Release */,
			);
			defaultConfigurationIsVisible = 0;
			defaultConfigurationName = Release;
		};
/* End XCConfigurationList section */

/* Begin XCRemoteSwiftPackageReference section */
		A8EB74912B7312E9005FE3F2 /* XCRemoteSwiftPackageReference "Alamofire" */ = {
			isa = XCRemoteSwiftPackageReference;
			repositoryURL = "https://github.com/Alamofire/Alamofire.git";
			requirement = {
				kind = upToNextMajorVersion;
				minimumVersion = 5.8.1;
			};
		};
/* End XCRemoteSwiftPackageReference section */

/* Begin XCSwiftPackageProductDependency section */
		A8EB74922B7312E9005FE3F2 /* Alamofire */ = {
			isa = XCSwiftPackageProductDependency;
			package = A8EB74912B7312E9005FE3F2 /* XCRemoteSwiftPackageReference "Alamofire" */;
			productName = Alamofire;
		};
/* End XCSwiftPackageProductDependency section */
	};
	rootObject = A89072152B56B48F0079926E /* Project object */;
}
